// !$*UTF8*$!
{
	archiveVersion = 1;
	classes = {
	};
	objectVersion = 46;
	objects = {

/* Begin PBXBuildFile section */
		518471781F58847400757AA4 /* AppDelegate.swift in Sources */ = {isa = PBXBuildFile; fileRef = 518471771F58847400757AA4 /* AppDelegate.swift */; };
		5184717A1F58847400757AA4 /* ViewController.swift in Sources */ = {isa = PBXBuildFile; fileRef = 518471791F58847400757AA4 /* ViewController.swift */; };
		5184717D1F58847400757AA4 /* Main.storyboard in Resources */ = {isa = PBXBuildFile; fileRef = 5184717B1F58847400757AA4 /* Main.storyboard */; };
		5184717F1F58847400757AA4 /* Assets.xcassets in Resources */ = {isa = PBXBuildFile; fileRef = 5184717E1F58847400757AA4 /* Assets.xcassets */; };
		518471821F58847400757AA4 /* LaunchScreen.storyboard in Resources */ = {isa = PBXBuildFile; fileRef = 518471801F58847400757AA4 /* LaunchScreen.storyboard */; };
		51F0D0CE1F687B4F003705CD /* LoginViewController.swift in Sources */ = {isa = PBXBuildFile; fileRef = 51F0D0CD1F687B4F003705CD /* LoginViewController.swift */; };
/* End PBXBuildFile section */

/* Begin PBXFileReference section */
		518471741F58847400757AA4 /* BatLogin.app */ = {isa = PBXFileReference; explicitFileType = wrapper.application; includeInIndex = 0; path = BatLogin.app; sourceTree = BUILT_PRODUCTS_DIR; };
		518471771F58847400757AA4 /* AppDelegate.swift */ = {isa = PBXFileReference; lastKnownFileType = sourcecode.swift; path = AppDelegate.swift; sourceTree = "<group>"; };
		518471791F58847400757AA4 /* ViewController.swift */ = {isa = PBXFileReference; lastKnownFileType = sourcecode.swift; path = ViewController.swift; sourceTree = "<group>"; };
		5184717C1F58847400757AA4 /* Base */ = {isa = PBXFileReference; lastKnownFileType = file.storyboard; name = Base; path = Base.lproj/Main.storyboard; sourceTree = "<group>"; };
		5184717E1F58847400757AA4 /* Assets.xcassets */ = {isa = PBXFileReference; lastKnownFileType = folder.assetcatalog; path = Assets.xcassets; sourceTree = "<group>"; };
		518471811F58847400757AA4 /* Base */ = {isa = PBXFileReference; lastKnownFileType = file.storyboard; name = Base; path = Base.lproj/LaunchScreen.storyboard; sourceTree = "<group>"; };
		518471831F58847400757AA4 /* Info.plist */ = {isa = PBXFileReference; lastKnownFileType = text.plist.xml; path = Info.plist; sourceTree = "<group>"; };
		51F0D0CD1F687B4F003705CD /* LoginViewController.swift */ = {isa = PBXFileReference; lastKnownFileType = sourcecode.swift; path = LoginViewController.swift; sourceTree = "<group>"; };
/* End PBXFileReference section */

/* Begin PBXFrameworksBuildPhase section */
		518471711F58847400757AA4 /* Frameworks */ = {
			isa = PBXFrameworksBuildPhase;
			buildActionMask = 2147483647;
			files = (
			);
			runOnlyForDeploymentPostprocessing = 0;
		};
/* End PBXFrameworksBuildPhase section */

/* Begin PBXGroup section */
		5184716B1F58847400757AA4 = {
			isa = PBXGroup;
			children = (
				518471761F58847400757AA4 /* BatLogin */,
				518471751F58847400757AA4 /* Products */,
			);
			sourceTree = "<group>";
		};
		518471751F58847400757AA4 /* Products */ = {
			isa = PBXGroup;
			children = (
				518471741F58847400757AA4 /* BatLogin.app */,
			);
			name = Products;
			sourceTree = "<group>";
		};
		518471761F58847400757AA4 /* BatLogin */ = {
			isa = PBXGroup;
			children = (
				518471771F58847400757AA4 /* AppDelegate.swift */,
				518471791F58847400757AA4 /* ViewController.swift */,
				51F0D0CD1F687B4F003705CD /* LoginViewController.swift */,
				5184717B1F58847400757AA4 /* Main.storyboard */,
				5184717E1F58847400757AA4 /* Assets.xcassets */,
				518471801F58847400757AA4 /* LaunchScreen.storyboard */,
				518471831F58847400757AA4 /* Info.plist */,
			);
			path = BatLogin;
			sourceTree = "<group>";
		};
/* End PBXGroup section */

/* Begin PBXNativeTarget section */
		518471731F58847400757AA4 /* BatLogin */ = {
			isa = PBXNativeTarget;
			buildConfigurationList = 518471861F58847400757AA4 /* Build configuration list for PBXNativeTarget "BatLogin" */;
			buildPhases = (
				518471701F58847400757AA4 /* Sources */,
				518471711F58847400757AA4 /* Frameworks */,
				518471721F58847400757AA4 /* Resources */,
			);
			buildRules = (
			);
			dependencies = (
			);
			name = BatLogin;
			productName = BatLogin;
			productReference = 518471741F58847400757AA4 /* BatLogin.app */;
			productType = "com.apple.product-type.application";
		};
/* End PBXNativeTarget section */

/* Begin PBXProject section */
		5184716C1F58847400757AA4 /* Project object */ = {
			isa = PBXProject;
			attributes = {
				LastSwiftUpdateCheck = 0830;
				LastUpgradeCheck = 0900;
				ORGANIZATIONNAME = "Alan Casas";
				TargetAttributes = {
					518471731F58847400757AA4 = {
						CreatedOnToolsVersion = 8.3.3;
						DevelopmentTeam = 5J2G4846S8;
						LastSwiftMigration = 0900;
						ProvisioningStyle = Automatic;
					};
				};
			};
			buildConfigurationList = 5184716F1F58847400757AA4 /* Build configuration list for PBXProject "BatLogin" */;
			compatibilityVersion = "Xcode 3.2";
			developmentRegion = English;
			hasScannedForEncodings = 0;
			knownRegions = (
				en,
				Base,
			);
			mainGroup = 5184716B1F58847400757AA4;
			productRefGroup = 518471751F58847400757AA4 /* Products */;
			projectDirPath = "";
			projectRoot = "";
			targets = (
				518471731F58847400757AA4 /* BatLogin */,
			);
		};
/* End PBXProject section */

/* Begin PBXResourcesBuildPhase section */
		518471721F58847400757AA4 /* Resources */ = {
			isa = PBXResourcesBuildPhase;
			buildActionMask = 2147483647;
			files = (
				518471821F58847400757AA4 /* LaunchScreen.storyboard in Resources */,
				5184717F1F58847400757AA4 /* Assets.xcassets in Resources */,
				5184717D1F58847400757AA4 /* Main.storyboard in Resources */,
			);
			runOnlyForDeploymentPostprocessing = 0;
		};
/* End PBXResourcesBuildPhase section */

/* Begin PBXSourcesBuildPhase section */
		518471701F58847400757AA4 /* Sources */ = {
			isa = PBXSourcesBuildPhase;
			buildActionMask = 2147483647;
			files = (
				51F0D0CE1F687B4F003705CD /* LoginViewController.swift in Sources */,
				5184717A1F58847400757AA4 /* ViewController.swift in Sources */,
				518471781F58847400757AA4 /* AppDelegate.swift in Sources */,
			);
			runOnlyForDeploymentPostprocessing = 0;
		};
/* End PBXSourcesBuildPhase section */

/* Begin PBXVariantGroup section */
		5184717B1F58847400757AA4 /* Main.storyboard */ = {
			isa = PBXVariantGroup;
			children = (
				5184717C1F58847400757AA4 /* Base */,
			);
			name = Main.storyboard;
			sourceTree = "<group>";
		};
		518471801F58847400757AA4 /* LaunchScreen.storyboard */ = {
			isa = PBXVariantGroup;
			children = (
				518471811F58847400757AA4 /* Base */,
			);
			name = LaunchScreen.storyboard;
			sourceTree = "<group>";
		};
/* End PBXVariantGroup section */

/* Begin XCBuildConfiguration section */
		518471841F58847400757AA4 /* Debug */ = {
			isa = XCBuildConfiguration;
			buildSettings = {
				ALWAYS_SEARCH_USER_PATHS = NO;
				CLANG_ANALYZER_NONNULL = YES;
				CLANG_ANALYZER_NUMBER_OBJECT_CONVERSION = YES_AGGRESSIVE;
				CLANG_CXX_LANGUAGE_STANDARD = "gnu++0x";
				CLANG_CXX_LIBRARY = "libc++";
				CLANG_ENABLE_MODULES = YES;
				CLANG_ENABLE_OBJC_ARC = YES;
				CLANG_WARN_BLOCK_CAPTURE_AUTORELEASING = YES;
				CLANG_WARN_BOOL_CONVERSION = YES;
				CLANG_WARN_COMMA = YES;
				CLANG_WARN_CONSTANT_CONVERSION = YES;
				CLANG_WARN_DIRECT_OBJC_ISA_USAGE = YES_ERROR;
				CLANG_WARN_DOCUMENTATION_COMMENTS = YES;
				CLANG_WARN_EMPTY_BODY = YES;
				CLANG_WARN_ENUM_CONVERSION = YES;
				CLANG_WARN_INFINITE_RECURSION = YES;
				CLANG_WARN_INT_CONVERSION = YES;
				CLANG_WARN_NON_LITERAL_NULL_CONVERSION = YES;
				CLANG_WARN_OBJC_LITERAL_CONVERSION = YES;
				CLANG_WARN_OBJC_ROOT_CLASS = YES_ERROR;
				CLANG_WARN_RANGE_LOOP_ANALYSIS = YES;
				CLANG_WARN_STRICT_PROTOTYPES = YES;
				CLANG_WARN_SUSPICIOUS_MOVE = YES;
				CLANG_WARN_UNREACHABLE_CODE = YES;
				CLANG_WARN__DUPLICATE_METHOD_MATCH = YES;
				"CODE_SIGN_IDENTITY[sdk=iphoneos*]" = "iPhone Developer";
				COPY_PHASE_STRIP = NO;
				DEBUG_INFORMATION_FORMAT = dwarf;
				ENABLE_STRICT_OBJC_MSGSEND = YES;
				ENABLE_TESTABILITY = YES;
				GCC_C_LANGUAGE_STANDARD = gnu99;
				GCC_DYNAMIC_NO_PIC = NO;
				GCC_NO_COMMON_BLOCKS = YES;
				GCC_OPTIMIZATION_LEVEL = 0;
				GCC_PREPROCESSOR_DEFINITIONS = (
					"DEBUG=1",
					"$(inherited)",
				);
				GCC_WARN_64_TO_32_BIT_CONVERSION = YES;
				GCC_WARN_ABOUT_RETURN_TYPE = YES_ERROR;
				GCC_WARN_UNDECLARED_SELECTOR = YES;
				GCC_WARN_UNINITIALIZED_AUTOS = YES_AGGRESSIVE;
				GCC_WARN_UNUSED_FUNCTION = YES;
				GCC_WARN_UNUSED_VARIABLE = YES;
				IPHONEOS_DEPLOYMENT_TARGET = 10.3;
				MTL_ENABLE_DEBUG_INFO = YES;
				ONLY_ACTIVE_ARCH = YES;
				SDKROOT = iphoneos;
				SWIFT_ACTIVE_COMPILATION_CONDITIONS = DEBUG;
				SWIFT_OPTIMIZATION_LEVEL = "-Onone";
			};
			name = Debug;
		};
		518471851F58847400757AA4 /* Release */ = {
			isa = XCBuildConfiguration;
			buildSettings = {
				ALWAYS_SEARCH_USER_PATHS = NO;
				CLANG_ANALYZER_NONNULL = YES;
				CLANG_ANALYZER_NUMBER_OBJECT_CONVERSION = YES_AGGRESSIVE;
				CLANG_CXX_LANGUAGE_STANDARD = "gnu++0x";
				CLANG_CXX_LIBRARY = "libc++";
				CLANG_ENABLE_MODULES = YES;
				CLANG_ENABLE_OBJC_ARC = YES;
				CLANG_WARN_BLOCK_CAPTURE_AUTORELEASING = YES;
				CLANG_WARN_BOOL_CONVERSION = YES;
				CLANG_WARN_COMMA = YES;
				CLANG_WARN_CONSTANT_CONVERSION = YES;
				CLANG_WARN_DIRECT_OBJC_ISA_USAGE = YES_ERROR;
				CLANG_WARN_DOCUMENTATION_COMMENTS = YES;
				CLANG_WARN_EMPTY_BODY = YES;
				CLANG_WARN_ENUM_CONVERSION = YES;
				CLANG_WARN_INFINITE_RECURSION = YES;
				CLANG_WARN_INT_CONVERSION = YES;
				CLANG_WARN_NON_LITERAL_NULL_CONVERSION = YES;
				CLANG_WARN_OBJC_LITERAL_CONVERSION = YES;
				CLANG_WARN_OBJC_ROOT_CLASS = YES_ERROR;
				CLANG_WARN_RANGE_LOOP_ANALYSIS = YES;
				CLANG_WARN_STRICT_PROTOTYPES = YES;
				CLANG_WARN_SUSPICIOUS_MOVE = YES;
				CLANG_WARN_UNREACHABLE_CODE = YES;
				CLANG_WARN__DUPLICATE_METHOD_MATCH = YES;
				"CODE_SIGN_IDENTITY[sdk=iphoneos*]" = "iPhone Developer";
				COPY_PHASE_STRIP = NO;
				DEBUG_INFORMATION_FORMAT = "dwarf-with-dsym";
				ENABLE_NS_ASSERTIONS = NO;
				ENABLE_STRICT_OBJC_MSGSEND = YES;
				GCC_C_LANGUAGE_STANDARD = gnu99;
				GCC_NO_COMMON_BLOCKS = YES;
				GCC_WARN_64_TO_32_BIT_CONVERSION = YES;
				GCC_WARN_ABOUT_RETURN_TYPE = YES_ERROR;
				GCC_WARN_UNDECLARED_SELECTOR = YES;
				GCC_WARN_UNINITIALIZED_AUTOS = YES_AGGRESSIVE;
				GCC_WARN_UNUSED_FUNCTION = YES;
				GCC_WARN_UNUSED_VARIABLE = YES;
				IPHONEOS_DEPLOYMENT_TARGET = 10.3;
				MTL_ENABLE_DEBUG_INFO = NO;
				SDKROOT = iphoneos;
				SWIFT_OPTIMIZATION_LEVEL = "-Owholemodule";
				VALIDATE_PRODUCT = YES;
			};
			name = Release;
		};
		518471871F58847400757AA4 /* Debug */ = {
			isa = XCBuildConfiguration;
			buildSettings = {
				ASSETCATALOG_COMPILER_APPICON_NAME = AppIcon;
				DEVELOPMENT_TEAM = 5J2G4846S8;
				INFOPLIST_FILE = BatLogin/Info.plist;
				LD_RUNPATH_SEARCH_PATHS = "$(inherited) @executable_path/Frameworks";
				PRODUCT_BUNDLE_IDENTIFIER = "com.gmail-alancasasarevalo.BatLogin";
				PRODUCT_NAME = "$(TARGET_NAME)";
				SWIFT_SWIFT3_OBJC_INFERENCE = On;
				SWIFT_VERSION = 4.0;
			};
			name = Debug;
		};
		518471881F58847400757AA4 /* Release */ = {
			isa = XCBuildConfiguration;
			buildSettings = {
				ASSETCATALOG_COMPILER_APPICON_NAME = AppIcon;
				DEVELOPMENT_TEAM = 5J2G4846S8;
				INFOPLIST_FILE = BatLogin/Info.plist;
				LD_RUNPATH_SEARCH_PATHS = "$(inherited) @executable_path/Frameworks";
				PRODUCT_BUNDLE_IDENTIFIER = "com.gmail-alancasasarevalo.BatLogin";
				PRODUCT_NAME = "$(TARGET_NAME)";
				SWIFT_SWIFT3_OBJC_INFERENCE = On;
				SWIFT_VERSION = 4.0;
			};
			name = Release;
		};
/* End XCBuildConfiguration section */

/* Begin XCConfigurationList section */
		5184716F1F58847400757AA4 /* Build configuration list for PBXProject "BatLogin" */ = {
			isa = XCConfigurationList;
			buildConfigurations = (
				518471841F58847400757AA4 /* Debug */,
				518471851F58847400757AA4 /* Release */,
			);
			defaultConfigurationIsVisible = 0;
			defaultConfigurationName = Release;
		};
		518471861F58847400757AA4 /* Build configuration list for PBXNativeTarget "BatLogin" */ = {
			isa = XCConfigurationList;
			buildConfigurations = (
				518471871F58847400757AA4 /* Debug */,
				518471881F58847400757AA4 /* Release */,
			);
			defaultConfigurationIsVisible = 0;
			defaultConfigurationName = Release;
		};
/* End XCConfigurationList section */
	};
	rootObject = 5184716C1F58847400757AA4 /* Project object */;
}
